
Microsoft Visual Studio Solution File, Format Version 12.00
# Visual Studio Version 17
VisualStudioVersion = 17.0.31903.59
MinimumVisualStudioVersion = 10.0.40219.1
Project("{2150E333-8FDC-42A3-9474-1A3956D46DE8}") = "WebApi", "WebApi", "{48235A4C-CC27-4BAF-88AC-7F400A8DC8A5}"
EndProject
Project("{FAE04EC0-301F-11D3-BF4B-00C04F79EFBC}") = "Carbon.Application", "WebApi\Carbon.Application\Carbon.Application.csproj", "{82B5C136-DD58-4D1A-9FFF-374186E02934}"
EndProject
Project("{FAE04EC0-301F-11D3-BF4B-00C04F79EFBC}") = "Carbon.Contracts", "WebApi\Carbon.Contracts\Carbon.Contracts.csproj", "{EA2906AC-E87D-4FDE-B0D1-E3FEE0E470C6}"
EndProject
Project("{FAE04EC0-301F-11D3-BF4B-00C04F79EFBC}") = "Carbon.Domain", "WebApi\Carbon.Domain\Carbon.Domain.csproj", "{5AA34032-DFFC-467C-ADAB-C7C7DE9CABDC}"
EndProject
Project("{FAE04EC0-301F-11D3-BF4B-00C04F79EFBC}") = "Carbon.Infrastructure", "WebApi\Carbon.Infrastructure\Carbon.Infrastructure.csproj", "{34F19557-8A46-4806-86A8-1866D70B707F}"
EndProject
Project("{FAE04EC0-301F-11D3-BF4B-00C04F79EFBC}") = "Carbon.Server", "WebApi\Carbon.Server\Carbon.Server.csproj", "{3438448D-155D-4814-B49A-7971358B06C6}"
EndProject
Project("{2150E333-8FDC-42A3-9474-1A3956D46DE8}") = "Core", "Core", "{10AD8F2E-A941-4FC5-A2BE-E5EA3C5B635B}"
EndProject
Project("{FAE04EC0-301F-11D3-BF4B-00C04F79EFBC}") = "Carbon.Core.Domain", "Core\Carbon.Core.Domain\Carbon.Core.Domain.csproj", "{2A06E093-BC4C-441B-8289-3CED545C07B9}"
EndProject
Project("{FAE04EC0-301F-11D3-BF4B-00C04F79EFBC}") = "Carbon.Core.FileSystem", "Core\Carbon.Core.FileSystem\Carbon.Core.FileSystem.csproj", "{4D0CE9BD-39ED-4DF9-B536-7F44EDD7E6E4}"
EndProject
Project("{FAE04EC0-301F-11D3-BF4B-00C04F79EFBC}") = "Carbon.Core.Repo", "Core\Carbon.Core.Repo\Carbon.Core.Repo.csproj", "{DFD68112-E7A4-42B7-874A-196172133EE0}"
EndProject
Project("{FAE04EC0-301F-11D3-BF4B-00C04F79EFBC}") = "Carbon.Core.MediatR", "Core\Carbon.Core.MediatR\Carbon.Core.MediatR.csproj", "{FB17BEEE-CE8E-4ADF-95D5-580DA5611DCE}"
EndProject
Project("{FAE04EC0-301F-11D3-BF4B-00C04F79EFBC}") = "Carbon.Core.Repo.EntityFrameworkCore", "Core\Carbon.Core.Repo.EntityFrameworkCore\Carbon.Core.Repo.EntityFrameworkCore.csproj", "{B624EDEC-BAE7-41EC-8D75-97F75E3C9803}"
EndProject
Project("{FAE04EC0-301F-11D3-BF4B-00C04F79EFBC}") = "Carbon.Migrations", "WebApi\Carbon.Migrations\Carbon.Migrations.csproj", "{00616885-31C2-4F08-BBD6-0CB603E0F705}"
EndProject
Project("{FAE04EC0-301F-11D3-BF4B-00C04F79EFBC}") = "Carbon.Core.Domain.EntityFrameworkCore", "Core\Carbon.Core.Domain.EntityFrameworkCore\Carbon.Core.Domain.EntityFrameworkCore.csproj", "{9692FC2E-C01D-4FE4-BC2A-FB5AE75FC221}"
EndProject
Project("{FAE04EC0-301F-11D3-BF4B-00C04F79EFBC}") = "Carbon.Core.Http", "Core\Carbon.Core.Http\Carbon.Core.Http.csproj", "{5020E478-67D7-4225-8BED-2A4F0E9316AE}"
EndProject
Project("{FAE04EC0-301F-11D3-BF4B-00C04F79EFBC}") = "Carbon.Core.AspNetCore.Configuration", "Core\Carbon.Core.AspNetCore.Configuration\Carbon.Core.AspNetCore.Configuration.csproj", "{7AAD04FC-EC6D-4540-B90A-F883667DF9C1}"
EndProject
Project("{FAE04EC0-301F-11D3-BF4B-00C04F79EFBC}") = "Carbon.Core.Mapster", "Core\Carbon.Core.Mapster\Carbon.Core.Mapster.csproj", "{03466693-6720-4B91-B663-F67C413441FE}"
EndProject
Global
	GlobalSection(SolutionConfigurationPlatforms) = preSolution
		Debug|Any CPU = Debug|Any CPU
		Release|Any CPU = Release|Any CPU
	EndGlobalSection
	GlobalSection(SolutionProperties) = preSolution
		HideSolutionNode = FALSE
	EndGlobalSection
	GlobalSection(ProjectConfigurationPlatforms) = postSolution
		{82B5C136-DD58-4D1A-9FFF-374186E02934}.Debug|Any CPU.ActiveCfg = Debug|Any CPU
		{82B5C136-DD58-4D1A-9FFF-374186E02934}.Debug|Any CPU.Build.0 = Debug|Any CPU
		{82B5C136-DD58-4D1A-9FFF-374186E02934}.Release|Any CPU.ActiveCfg = Release|Any CPU
		{82B5C136-DD58-4D1A-9FFF-374186E02934}.Release|Any CPU.Build.0 = Release|Any CPU
		{EA2906AC-E87D-4FDE-B0D1-E3FEE0E470C6}.Debug|Any CPU.ActiveCfg = Debug|Any CPU
		{EA2906AC-E87D-4FDE-B0D1-E3FEE0E470C6}.Debug|Any CPU.Build.0 = Debug|Any CPU
		{EA2906AC-E87D-4FDE-B0D1-E3FEE0E470C6}.Release|Any CPU.ActiveCfg = Release|Any CPU
		{EA2906AC-E87D-4FDE-B0D1-E3FEE0E470C6}.Release|Any CPU.Build.0 = Release|Any CPU
		{5AA34032-DFFC-467C-ADAB-C7C7DE9CABDC}.Debug|Any CPU.ActiveCfg = Debug|Any CPU
		{5AA34032-DFFC-467C-ADAB-C7C7DE9CABDC}.Debug|Any CPU.Build.0 = Debug|Any CPU
		{5AA34032-DFFC-467C-ADAB-C7C7DE9CABDC}.Release|Any CPU.ActiveCfg = Release|Any CPU
		{5AA34032-DFFC-467C-ADAB-C7C7DE9CABDC}.Release|Any CPU.Build.0 = Release|Any CPU
		{34F19557-8A46-4806-86A8-1866D70B707F}.Debug|Any CPU.ActiveCfg = Debug|Any CPU
		{34F19557-8A46-4806-86A8-1866D70B707F}.Debug|Any CPU.Build.0 = Debug|Any CPU
		{34F19557-8A46-4806-86A8-1866D70B707F}.Release|Any CPU.ActiveCfg = Release|Any CPU
		{34F19557-8A46-4806-86A8-1866D70B707F}.Release|Any CPU.Build.0 = Release|Any CPU
		{3438448D-155D-4814-B49A-7971358B06C6}.Debug|Any CPU.ActiveCfg = Debug|Any CPU
		{3438448D-155D-4814-B49A-7971358B06C6}.Debug|Any CPU.Build.0 = Debug|Any CPU
		{3438448D-155D-4814-B49A-7971358B06C6}.Release|Any CPU.ActiveCfg = Release|Any CPU
		{3438448D-155D-4814-B49A-7971358B06C6}.Release|Any CPU.Build.0 = Release|Any CPU
		{2A06E093-BC4C-441B-8289-3CED545C07B9}.Debug|Any CPU.ActiveCfg = Debug|Any CPU
		{2A06E093-BC4C-441B-8289-3CED545C07B9}.Debug|Any CPU.Build.0 = Debug|Any CPU
		{2A06E093-BC4C-441B-8289-3CED545C07B9}.Release|Any CPU.ActiveCfg = Release|Any CPU
		{2A06E093-BC4C-441B-8289-3CED545C07B9}.Release|Any CPU.Build.0 = Release|Any CPU
		{4D0CE9BD-39ED-4DF9-B536-7F44EDD7E6E4}.Debug|Any CPU.ActiveCfg = Debug|Any CPU
		{4D0CE9BD-39ED-4DF9-B536-7F44EDD7E6E4}.Debug|Any CPU.Build.0 = Debug|Any CPU
		{4D0CE9BD-39ED-4DF9-B536-7F44EDD7E6E4}.Release|Any CPU.ActiveCfg = Release|Any CPU
		{4D0CE9BD-39ED-4DF9-B536-7F44EDD7E6E4}.Release|Any CPU.Build.0 = Release|Any CPU
		{DFD68112-E7A4-42B7-874A-196172133EE0}.Debug|Any CPU.ActiveCfg = Debug|Any CPU
		{DFD68112-E7A4-42B7-874A-196172133EE0}.Debug|Any CPU.Build.0 = Debug|Any CPU
		{DFD68112-E7A4-42B7-874A-196172133EE0}.Release|Any CPU.ActiveCfg = Release|Any CPU
		{DFD68112-E7A4-42B7-874A-196172133EE0}.Release|Any CPU.Build.0 = Release|Any CPU
		{FB17BEEE-CE8E-4ADF-95D5-580DA5611DCE}.Debug|Any CPU.ActiveCfg = Debug|Any CPU
		{FB17BEEE-CE8E-4ADF-95D5-580DA5611DCE}.Debug|Any CPU.Build.0 = Debug|Any CPU
		{FB17BEEE-CE8E-4ADF-95D5-580DA5611DCE}.Release|Any CPU.ActiveCfg = Release|Any CPU
		{FB17BEEE-CE8E-4ADF-95D5-580DA5611DCE}.Release|Any CPU.Build.0 = Release|Any CPU
		{B624EDEC-BAE7-41EC-8D75-97F75E3C9803}.Debug|Any CPU.ActiveCfg = Debug|Any CPU
		{B624EDEC-BAE7-41EC-8D75-97F75E3C9803}.Debug|Any CPU.Build.0 = Debug|Any CPU
		{B624EDEC-BAE7-41EC-8D75-97F75E3C9803}.Release|Any CPU.ActiveCfg = Release|Any CPU
		{B624EDEC-BAE7-41EC-8D75-97F75E3C9803}.Release|Any CPU.Build.0 = Release|Any CPU
		{00616885-31C2-4F08-BBD6-0CB603E0F705}.Debug|Any CPU.ActiveCfg = Debug|Any CPU
		{00616885-31C2-4F08-BBD6-0CB603E0F705}.Debug|Any CPU.Build.0 = Debug|Any CPU
		{00616885-31C2-4F08-BBD6-0CB603E0F705}.Release|Any CPU.ActiveCfg = Release|Any CPU
		{00616885-31C2-4F08-BBD6-0CB603E0F705}.Release|Any CPU.Build.0 = Release|Any CPU
		{9692FC2E-C01D-4FE4-BC2A-FB5AE75FC221}.Debug|Any CPU.ActiveCfg = Debug|Any CPU
		{9692FC2E-C01D-4FE4-BC2A-FB5AE75FC221}.Debug|Any CPU.Build.0 = Debug|Any CPU
		{9692FC2E-C01D-4FE4-BC2A-FB5AE75FC221}.Release|Any CPU.ActiveCfg = Release|Any CPU
		{9692FC2E-C01D-4FE4-BC2A-FB5AE75FC221}.Release|Any CPU.Build.0 = Release|Any CPU
		{5020E478-67D7-4225-8BED-2A4F0E9316AE}.Debug|Any CPU.ActiveCfg = Debug|Any CPU
		{5020E478-67D7-4225-8BED-2A4F0E9316AE}.Debug|Any CPU.Build.0 = Debug|Any CPU
		{5020E478-67D7-4225-8BED-2A4F0E9316AE}.Release|Any CPU.ActiveCfg = Release|Any CPU
		{5020E478-67D7-4225-8BED-2A4F0E9316AE}.Release|Any CPU.Build.0 = Release|Any CPU
		{7AAD04FC-EC6D-4540-B90A-F883667DF9C1}.Debug|Any CPU.ActiveCfg = Debug|Any CPU
		{7AAD04FC-EC6D-4540-B90A-F883667DF9C1}.Debug|Any CPU.Build.0 = Debug|Any CPU
		{7AAD04FC-EC6D-4540-B90A-F883667DF9C1}.Release|Any CPU.ActiveCfg = Release|Any CPU
		{7AAD04FC-EC6D-4540-B90A-F883667DF9C1}.Release|Any CPU.Build.0 = Release|Any CPU
		{03466693-6720-4B91-B663-F67C413441FE}.Debug|Any CPU.ActiveCfg = Debug|Any CPU
		{03466693-6720-4B91-B663-F67C413441FE}.Debug|Any CPU.Build.0 = Debug|Any CPU
		{03466693-6720-4B91-B663-F67C413441FE}.Release|Any CPU.ActiveCfg = Release|Any CPU
		{03466693-6720-4B91-B663-F67C413441FE}.Release|Any CPU.Build.0 = Release|Any CPU
	EndGlobalSection
	GlobalSection(NestedProjects) = preSolution
		{82B5C136-DD58-4D1A-9FFF-374186E02934} = {48235A4C-CC27-4BAF-88AC-7F400A8DC8A5}
		{EA2906AC-E87D-4FDE-B0D1-E3FEE0E470C6} = {48235A4C-CC27-4BAF-88AC-7F400A8DC8A5}
		{5AA34032-DFFC-467C-ADAB-C7C7DE9CABDC} = {48235A4C-CC27-4BAF-88AC-7F400A8DC8A5}
		{34F19557-8A46-4806-86A8-1866D70B707F} = {48235A4C-CC27-4BAF-88AC-7F400A8DC8A5}
		{3438448D-155D-4814-B49A-7971358B06C6} = {48235A4C-CC27-4BAF-88AC-7F400A8DC8A5}
		{2A06E093-BC4C-441B-8289-3CED545C07B9} = {10AD8F2E-A941-4FC5-A2BE-E5EA3C5B635B}
		{4D0CE9BD-39ED-4DF9-B536-7F44EDD7E6E4} = {10AD8F2E-A941-4FC5-A2BE-E5EA3C5B635B}
		{DFD68112-E7A4-42B7-874A-196172133EE0} = {10AD8F2E-A941-4FC5-A2BE-E5EA3C5B635B}
		{FB17BEEE-CE8E-4ADF-95D5-580DA5611DCE} = {10AD8F2E-A941-4FC5-A2BE-E5EA3C5B635B}
		{B624EDEC-BAE7-41EC-8D75-97F75E3C9803} = {10AD8F2E-A941-4FC5-A2BE-E5EA3C5B635B}
		{00616885-31C2-4F08-BBD6-0CB603E0F705} = {48235A4C-CC27-4BAF-88AC-7F400A8DC8A5}
		{9692FC2E-C01D-4FE4-BC2A-FB5AE75FC221} = {10AD8F2E-A941-4FC5-A2BE-E5EA3C5B635B}
		{5020E478-67D7-4225-8BED-2A4F0E9316AE} = {10AD8F2E-A941-4FC5-A2BE-E5EA3C5B635B}
		{7AAD04FC-EC6D-4540-B90A-F883667DF9C1} = {10AD8F2E-A941-4FC5-A2BE-E5EA3C5B635B}
		{03466693-6720-4B91-B663-F67C413441FE} = {10AD8F2E-A941-4FC5-A2BE-E5EA3C5B635B}
	EndGlobalSection
EndGlobal
